
Microsoft Visual Studio Solution File, Format Version 12.00
# Visual Studio 15
VisualStudioVersion = 15.0.28307.438
MinimumVisualStudioVersion = 10.0.40219.1
Project("{FAE04EC0-301F-11D3-BF4B-00C04F79EFBC}") = "DecoratorPattern", "DecoratorPattern\DecoratorPattern.csproj", "{7E9E381A-6CC2-4AB5-BC92-F1832884CCFF}"
EndProject
Global
	GlobalSection(SolutionConfigurationPlatforms) = preSolution
		Debug|Any CPU = Debug|Any CPU
		Release|Any CPU = Release|Any CPU
	EndGlobalSection
	GlobalSection(ProjectConfigurationPlatforms) = postSolution
		{7E9E381A-6CC2-4AB5-BC92-F1832884CCFF}.Debug|Any CPU.ActiveCfg = Debug|Any CPU
		{7E9E381A-6CC2-4AB5-BC92-F1832884CCFF}.Debug|Any CPU.Build.0 = Debug|Any CPU
		{7E9E381A-6CC2-4AB5-BC92-F1832884CCFF}.Release|Any CPU.ActiveCfg = Release|Any CPU
		{7E9E381A-6CC2-4AB5-BC92-F1832884CCFF}.Release|Any CPU.Build.0 = Release|Any CPU
	EndGlobalSection
	GlobalSection(SolutionProperties) = preSolution
		HideSolutionNode = FALSE
	EndGlobalSection
	GlobalSection(ExtensibilityGlobals) = postSolution
		SolutionGuid = {37E81CFE-7A69-4A34-BE32-7CEFF4453E62}
	EndGlobalSection
EndGlobal
